
Microsoft Visual Studio Solution File, Format Version 12.00
# Visual Studio Version 17
VisualStudioVersion = 17.2.32505.173
MinimumVisualStudioVersion = 10.0.40219.1
Project("{FAE04EC0-301F-11D3-BF4B-00C04F79EFBC}") = "BlazorUI", "BlazorUI\BlazorUI.csproj", "{0A342778-111D-451B-AECF-C195DC8CA85C}"
EndProject
Project("{FAE04EC0-301F-11D3-BF4B-00C04F79EFBC}") = "DemoLibrary", "DemoLibrary\DemoLibrary.csproj", "{7BE4BC74-0322-4FC7-847C-C5594A8813F0}"
EndProject
Project("{FAE04EC0-301F-11D3-BF4B-00C04F79EFBC}") = "DemoApi", "DemoApi\DemoApi.csproj", "{BC1C968F-3A5B-45BB-BCE5-F9AAFE75CC94}"
EndProject
Project("{2150E333-8FDC-42A3-9474-1A3956D46DE8}") = "Solution Items", "Solution Items", "{D1E0D0BA-F9A2-4A2F-B659-62DF63C22E71}"
	ProjectSection(SolutionItems) = preProject
		README.txt = README.txt
	EndProjectSection
EndProject
Global
	GlobalSection(SolutionConfigurationPlatforms) = preSolution
		Debug|Any CPU = Debug|Any CPU
		Release|Any CPU = Release|Any CPU
	EndGlobalSection
	GlobalSection(ProjectConfigurationPlatforms) = postSolution
		{0A342778-111D-451B-AECF-C195DC8CA85C}.Debug|Any CPU.ActiveCfg = Debug|Any CPU
		{0A342778-111D-451B-AECF-C195DC8CA85C}.Debug|Any CPU.Build.0 = Debug|Any CPU
		{0A342778-111D-451B-AECF-C195DC8CA85C}.Release|Any CPU.ActiveCfg = Release|Any CPU
		{0A342778-111D-451B-AECF-C195DC8CA85C}.Release|Any CPU.Build.0 = Release|Any CPU
		{7BE4BC74-0322-4FC7-847C-C5594A8813F0}.Debug|Any CPU.ActiveCfg = Debug|Any CPU
		{7BE4BC74-0322-4FC7-847C-C5594A8813F0}.Debug|Any CPU.Build.0 = Debug|Any CPU
		{7BE4BC74-0322-4FC7-847C-C5594A8813F0}.Release|Any CPU.ActiveCfg = Release|Any CPU
		{7BE4BC74-0322-4FC7-847C-C5594A8813F0}.Release|Any CPU.Build.0 = Release|Any CPU
		{BC1C968F-3A5B-45BB-BCE5-F9AAFE75CC94}.Debug|Any CPU.ActiveCfg = Debug|Any CPU
		{BC1C968F-3A5B-45BB-BCE5-F9AAFE75CC94}.Debug|Any CPU.Build.0 = Debug|Any CPU
		{BC1C968F-3A5B-45BB-BCE5-F9AAFE75CC94}.Release|Any CPU.ActiveCfg = Release|Any CPU
		{BC1C968F-3A5B-45BB-BCE5-F9AAFE75CC94}.Release|Any CPU.Build.0 = Release|Any CPU
	EndGlobalSection
	GlobalSection(SolutionProperties) = preSolution
		HideSolutionNode = FALSE
	EndGlobalSection
	GlobalSection(ExtensibilityGlobals) = postSolution
		SolutionGuid = {CC0DE63B-9C21-4DAD-915C-B77545675899}
	EndGlobalSection
EndGlobal
